dependencies:
  esp-idf-lib/esp_idf_lib_helpers:
    component_hash: a8049b1e609679fb54b2d57b0399dd29c4d1fda09a797edac9926f7810aa5703
    dependencies: []
    source:
      registry_url: https://components.espressif.com
      type: service
    targets:
    - esp32
    - esp32c2
    - esp32c3
    - esp32c5
    - esp32c6
    - esp32c61
    - esp32h2
    - esp32p4
    - esp32s2
    - esp32s3
    version: 1.3.10
  esp-idf-lib/i2cdev:
    component_hash: 11c08f9e1a7d346b5dd763196dc2567cf2209ae49042402c2c2d296624601c14
    dependencies:
    - name: esp-idf-lib/esp_idf_lib_helpers
      registry_url: https://components.espressif.com
      require: private
      version: '*'
    source:
      registry_url: https://components.espressif.com
      type: service
    targets:
    - esp32
    - esp32c2
    - esp32c3
    - esp32c5
    - esp32c6
    - esp32c61
    - esp32h2
    - esp32p4
    - esp32s2
    - esp32s3
    version: 2.0.8
  esp-idf-lib/pca9557:
    component_hash: 4b17ec691fe6b7c51ec54befd427e0d5f5b582fb3dbb0345348ec222b3884192
    dependencies:
    - name: esp-idf-lib/esp_idf_lib_helpers
      registry_url: https://components.espressif.com
      require: private
      version: '*'
    - name: esp-idf-lib/i2cdev
      registry_url: https://components.espressif.com
      require: private
      version: '*'
    source:
      registry_url: https://components.espressif.com/
      type: service
    targets:
    - esp32
    - esp32c2
    - esp32c3
    - esp32c5
    - esp32c6
    - esp32c61
    - esp32h2
    - esp32p4
    - esp32s2
    - esp32s3
    version: 1.0.7
  espressif/cmake_utilities:
    component_hash: 351350613ceafba240b761b4ea991e0f231ac7a9f59a9ee901f751bddc0bb18f
    dependencies:
    - name: idf
      require: private
      version: '>=4.1'
    source:
      registry_url: https://components.espressif.com/
      type: service
    version: 0.5.3
  espressif/eppp_link:
    component_hash: 9472e6825f4bb71eca2b39cf1bc92659c1ac60bfd7416560ad033a7dd8641b17
    dependencies:
    - name: espressif/esp_serial_slave_link
      registry_url: https://components.espressif.com
      require: private
      version: ^1.1.0
    - name: idf
      require: private
      version: '>=5.2'
    source:
      registry_url: https://components.espressif.com
      type: service
    version: 1.1.4
  espressif/esp-extconn:
    component_hash: 0d11bcc2a64dbaa5f8fa58f66bc152307f95afb12fca8a1c9311fbeb215a06f6
    dependencies:
    - name: idf
      require: private
      version: '>=5.3.0'
    source:
      registry_url: https://components.espressif.com/
      type: service
    version: 0.3.3
  espressif/esp_hosted:
    component_hash: 53544436deb5fcbfdbf4a8e2c643cdbe31126556781784278c016d674df99cd2
    dependencies:
    - name: idf
      require: private
      version: '>=5.3'
    source:
      registry_url: https://components.espressif.com/
      type: service
    version: 2.7.0
  espressif/esp_lcd_st7701:
    dependencies:
    - name: idf
      version: '>=5.4'
    - name: espressif/cmake_utilities
      version: 0.*
    source:
      path: C:\Users\xiaofeng.fu\idf-projects\mipi_dsi\components\esp_lcd_st7701
      type: local
    targets:
    - esp32s3
    - esp32p4
    version: 2.0.1
  espressif/esp_serial_slave_link:
    component_hash: ac1776806de0a6e371c84e87898bb983e19ce62aa7f1e2e5c4a3b0234a575d2c
    dependencies:
    - name: idf
      require: private
      version: '>=5.0'
    source:
      registry_url: https://components.espressif.com
      type: service
    version: 1.1.2
  espressif/esp_wifi_remote:
    component_hash: 43aeb9f1daa7f150e4d364c43c448c58d1add0ba092e84d7d21811298b4c99db
    dependencies:
    - name: espressif/esp_hosted
      registry_url: https://components.espressif.com
      require: private
      rules:
      - if: target in [esp32h2, esp32p4]
      version: '>=0.0.6'
    - name: espressif/wifi_remote_over_eppp
      registry_url: https://components.espressif.com
      require: private
      version: '>=0.1'
    - name: idf
      require: private
      version: '>=5.3'
    source:
      registry_url: https://components.espressif.com/
      type: service
    version: 1.2.1
  espressif/wifi_remote_over_eppp:
    component_hash: 25f08971c3f85316515a2e15f57a67efecd75d040a45dc143f1010627d750654
    dependencies:
    - name: espressif/eppp_link
      registry_url: https://components.espressif.com
      require: private
      version: '>=0.1'
    - name: idf
      require: private
      version: '>=5.3'
    source:
      registry_url: https://components.espressif.com
      type: service
    version: 0.2.1
  idf:
    source:
      type: idf
    version: 5.5.1
  lvgl/lvgl:
    component_hash: 17e68bfd21f0edf4c3ee838e2273da840bf3930e5dbc3bfa6c1190c3aed41f9f
    dependencies: []
    source:
      registry_url: https://components.espressif.com/
      type: service
    version: 9.4.0
direct_dependencies:
- esp-idf-lib/pca9557
- espressif/cmake_utilities
- espressif/esp-extconn
- espressif/esp_hosted
- espressif/esp_lcd_st7701
- espressif/esp_wifi_remote
- idf
- lvgl/lvgl
manifest_hash: d4d6d14b8f5aeaefa8822ed96067561bdad6fed1405d14a61da3c10b4eae53b6
target: esp32p4
version: 2.0.0
