dependencies:
  espressif/cmake_utilities:
    component_hash: 351350613ceafba240b761b4ea991e0f231ac7a9f59a9ee901f751bddc0bb18f
    dependencies:
    - name: idf
      require: private
      version: '>=4.1'
    source:
      registry_url: https://components.espressif.com
      type: service
    version: 0.5.3
  espressif/esp_lcd_ek79007:
    component_hash: 8005700b7f10c7136b6e2a3f19a48f972aa1d13ed107ed298574e8d24d17ea83
    dependencies:
    - name: espressif/cmake_utilities
      registry_url: https://components.espressif.com
      require: private
      version: 0.*
    - name: idf
      require: private
      version: '>=5.3'
    source:
      registry_url: https://components.espressif.com/
      type: service
    targets:
    - esp32p4
    version: 1.0.4
  espressif/esp_lcd_ili9881c:
    component_hash: eb9ba0484d1d14171b69e5d192716fb1cdd6ef068aa4014dc3202486e124498e
    dependencies:
    - name: idf
      require: private
      version: '>=5.3'
    source:
      registry_url: https://components.espressif.com/
      type: service
    targets:
    - esp32p4
    version: 1.0.2
  idf:
    source:
      type: idf
    version: 5.5.1
  lvgl/lvgl:
    component_hash: 096c69af22eaf8a2b721e3913da91918c5e6bf1a762a113ec01f401aa61337a0
    dependencies: []
    source:
      registry_url: https://components.espressif.com/
      type: service
    version: 9.2.2
direct_dependencies:
- espressif/esp_lcd_ek79007
- espressif/esp_lcd_ili9881c
- lvgl/lvgl
manifest_hash: dda58a93565c5e4253bccbdb98ea7beaac3cb033f0819b980f4f094e82da188c
target: esp32p4
version: 2.0.0
